Microsoft Visual Studio Solution File, Format Version 11.00
# Visual Studio 2008

Project("{2F733BC3-9B82-23A4-8EF1-558A8B3B1138}") = "ASTR", "Assembly-CSharp.csproj", "{3134BE4C-EB67-B67E-97B9-3349CFCC29D8}"
EndProject
Project("{2F733BC3-9B82-23A4-8EF1-558A8B3B1138}") = "ASTR", "Assembly-CSharp-Editor.csproj", "{2AB276B9-3043-32CE-3A8D-50C187439CFB}"
EndProject
Global
	GlobalSection(SolutionConfigurationPlatforms) = preSolution
		Debug|Any CPU = Debug|Any CPU
		Release|Any CPU = Release|Any CPU
	EndGlobalSection
	GlobalSection(ProjectConfigurationPlatforms) = postSolution
		{3134BE4C-EB67-B67E-97B9-3349CFCC29D8}.Debug|Any CPU.ActiveCfg = Debug|Any CPU
		{3134BE4C-EB67-B67E-97B9-3349CFCC29D8}.Debug|Any CPU.Build.0 = Debug|Any CPU
		{3134BE4C-EB67-B67E-97B9-3349CFCC29D8}.Release|Any CPU.ActiveCfg = Release|Any CPU
		{3134BE4C-EB67-B67E-97B9-3349CFCC29D8}.Release|Any CPU.Build.0 = Release|Any CPU
		{2AB276B9-3043-32CE-3A8D-50C187439CFB}.Debug|Any CPU.ActiveCfg = Debug|Any CPU
		{2AB276B9-3043-32CE-3A8D-50C187439CFB}.Debug|Any CPU.Build.0 = Debug|Any CPU
		{2AB276B9-3043-32CE-3A8D-50C187439CFB}.Release|Any CPU.ActiveCfg = Release|Any CPU
		{2AB276B9-3043-32CE-3A8D-50C187439CFB}.Release|Any CPU.Build.0 = Release|Any CPU
	EndGlobalSection
	GlobalSection(SolutionProperties) = preSolution
		HideSolutionNode = FALSE
	EndGlobalSection
	GlobalSection(MonoDevelopProperties) = preSolution
		StartupItem = Assembly-CSharp.csproj
	EndGlobalSection
EndGlobal
