
Microsoft Visual Studio Solution File, Format Version 12.00
# Visual Studio 2015
Project("{FAE04EC0-301F-11D3-BF4B-00C04F79EFBC}") = "ASTR.CSharp", "ASTR.CSharp.csproj", "{2D953938-E0B5-4F86-B363-F057ED638AE4}"
EndProject
Project("{FAE04EC0-301F-11D3-BF4B-00C04F79EFBC}") = "ASTR.CSharp.Editor", "ASTR.CSharp.Editor.csproj", "{E6568C7A-CF09-C540-BDCB-B2946290E761}"
EndProject
Global
	GlobalSection(SolutionConfigurationPlatforms) = preSolution
		Debug|Any CPU = Debug|Any CPU
		Release|Any CPU = Release|Any CPU
	EndGlobalSection
	GlobalSection(ProjectConfigurationPlatforms) = postSolution
		{2D953938-E0B5-4F86-B363-F057ED638AE4}.Debug|Any CPU.ActiveCfg = Debug|Any CPU
		{2D953938-E0B5-4F86-B363-F057ED638AE4}.Debug|Any CPU.Build.0 = Debug|Any CPU
		{2D953938-E0B5-4F86-B363-F057ED638AE4}.Release|Any CPU.ActiveCfg = Release|Any CPU
		{2D953938-E0B5-4F86-B363-F057ED638AE4}.Release|Any CPU.Build.0 = Release|Any CPU
		{E6568C7A-CF09-C540-BDCB-B2946290E761}.Debug|Any CPU.ActiveCfg = Debug|Any CPU
		{E6568C7A-CF09-C540-BDCB-B2946290E761}.Debug|Any CPU.Build.0 = Debug|Any CPU
		{E6568C7A-CF09-C540-BDCB-B2946290E761}.Release|Any CPU.ActiveCfg = Release|Any CPU
		{E6568C7A-CF09-C540-BDCB-B2946290E761}.Release|Any CPU.Build.0 = Release|Any CPU
	EndGlobalSection
	GlobalSection(SolutionProperties) = preSolution
		HideSolutionNode = FALSE
	EndGlobalSection
EndGlobal
